
Microsoft Visual Studio Solution File, Format Version 12.00
# Visual Studio Version 17
VisualStudioVersion = 17.0.31903.59
MinimumVisualStudioVersion = 10.0.40219.1
Project("{2150E333-8FDC-42A3-9474-1A3956D46DE8}") = "src", "src", "{569C5C8B-8529-4A25-9456-C5D43A66A9D4}"
EndProject
Project("{9A19103F-16F7-4668-BE54-9A1E7A4F7556}") = "AttendEase.Shared", "src\AttendEase.Shared\AttendEase.Shared.csproj", "{15A0B4D8-6B3A-4C34-9F6C-ECC30F456867}"
EndProject
Project("{9A19103F-16F7-4668-BE54-9A1E7A4F7556}") = "AttendEase.ConsoleApp", "src\AttendEase.ConsoleApp\AttendEase.ConsoleApp.csproj", "{34CC6ADD-1AD4-487F-B492-4AB572BEA267}"
EndProject
Project("{2150E333-8FDC-42A3-9474-1A3956D46DE8}") = "tests", "tests", "{7A030FC6-C309-4F23-B347-6E5D283425B1}"
EndProject
Project("{9A19103F-16F7-4668-BE54-9A1E7A4F7556}") = "AttendEase.UnitTest", "tests\AttendEase.UnitTest\AttendEase.UnitTest.csproj", "{F784D4D8-24A2-4196-97A0-5BC45D07271B}"
EndProject
Global
	GlobalSection(SolutionConfigurationPlatforms) = preSolution
		Debug|Any CPU = Debug|Any CPU
		Release|Any CPU = Release|Any CPU
	EndGlobalSection
	GlobalSection(ProjectConfigurationPlatforms) = postSolution
		{15A0B4D8-6B3A-4C34-9F6C-ECC30F456867}.Debug|Any CPU.ActiveCfg = Debug|Any CPU
		{15A0B4D8-6B3A-4C34-9F6C-ECC30F456867}.Debug|Any CPU.Build.0 = Debug|Any CPU
		{15A0B4D8-6B3A-4C34-9F6C-ECC30F456867}.Release|Any CPU.ActiveCfg = Release|Any CPU
		{15A0B4D8-6B3A-4C34-9F6C-ECC30F456867}.Release|Any CPU.Build.0 = Release|Any CPU
		{34CC6ADD-1AD4-487F-B492-4AB572BEA267}.Debug|Any CPU.ActiveCfg = Debug|Any CPU
		{34CC6ADD-1AD4-487F-B492-4AB572BEA267}.Debug|Any CPU.Build.0 = Debug|Any CPU
		{34CC6ADD-1AD4-487F-B492-4AB572BEA267}.Release|Any CPU.ActiveCfg = Release|Any CPU
		{34CC6ADD-1AD4-487F-B492-4AB572BEA267}.Release|Any CPU.Build.0 = Release|Any CPU
		{F784D4D8-24A2-4196-97A0-5BC45D07271B}.Debug|Any CPU.ActiveCfg = Debug|Any CPU
		{F784D4D8-24A2-4196-97A0-5BC45D07271B}.Debug|Any CPU.Build.0 = Debug|Any CPU
		{F784D4D8-24A2-4196-97A0-5BC45D07271B}.Release|Any CPU.ActiveCfg = Release|Any CPU
		{F784D4D8-24A2-4196-97A0-5BC45D07271B}.Release|Any CPU.Build.0 = Release|Any CPU
	EndGlobalSection
	GlobalSection(SolutionProperties) = preSolution
		HideSolutionNode = FALSE
	EndGlobalSection
	GlobalSection(NestedProjects) = preSolution
		{15A0B4D8-6B3A-4C34-9F6C-ECC30F456867} = {569C5C8B-8529-4A25-9456-C5D43A66A9D4}
		{34CC6ADD-1AD4-487F-B492-4AB572BEA267} = {569C5C8B-8529-4A25-9456-C5D43A66A9D4}
		{F784D4D8-24A2-4196-97A0-5BC45D07271B} = {7A030FC6-C309-4F23-B347-6E5D283425B1}
	EndGlobalSection
	GlobalSection(ExtensibilityGlobals) = postSolution
		SolutionGuid = {A88A7172-658A-4AA5-AF26-6CB2BB12DC81}
	EndGlobalSection
EndGlobal
